github.com/benbjohnson/clock v1.3.0 h1:ip6w0uFQkncKQ979AypyG0ER7mqUSBdKLOgAle/AT8A=
github.com/cloudevents/sdk-go/v2 v2.9.0 h1:StQ9q2JuGvclGFoT7kpTdQm+qjW0LQzg51CgUF4ncpY=
github.com/cockroachdb/errors v1.9.0 h1:B48dYem5SlAY7iU8AKsgedb4gH6mo+bDkbtLIvM/a88=
github.com/cockroachdb/logtags v0.0.0-20211118104740-dabe8e521a4f h1:6jduT9Hfc0njg5jJ1DdKCFPdMBrp/mdZfCpa5h+WM74=
github.com/cockroachdb/redact v1.1.3 h1:AKZds10rFSIj7qADf0g46UixK8NNLwWTNdCIGS5wfSQ=
github.com/davecgh/go-spew v1.1.1 h1:vj9j/u1bqnvCEfJOwUhtlOARqs3+rkHYY13jYWTU97c=
github.com/getsentry/sentry-go v0.12.0 h1:era7g0re5iY13bHSdN/xMkyV+5zZppjRVQhZrXCaEIk=
github.com/go-errors/errors v1.0.1 h1:LUHzmkK3GUKUrL/1gfBUxAHzcev3apQlezX/+O7ma6w=
github.com/gogo/protobuf v1.3.2 h1:Ov1cvc58UF3b5XjBnZv7+opcTcQFZebYjWzi34vdm4Q=
github.com/google/go-cmp v0.5.7 h1:81/ik6ipDQS2aGcBfIN5dHDB36BwrStyeAQquSYCV4o=
github.com/google/uuid v1.3.0 h1:t6JiXgmwXMjEs8VusXIJk2BXHsn+wx8BZdTaoZ5fu7I=
github.com/json-iterator/go v1.1.12 h1:PV8peI4a0ysnczrg+LtxykD8LfKY9ML6u2jnxaEnrnM=
github.com/kr/pretty v0.3.0 h1:WgNl7dwNpEZ6jJ9k1snq4pZsg7DOEN8hP9Xw0Tsjwk0=
github.com/kr/text v0.2.0 h1:5Nx0Ya0ZqY2ygV366QzturHI13Jq95ApcVaJBhpS+AY=
github.com/modern-go/concurrent v0.0.0-20180306012644-bacd9c7ef1dd h1:TRLaZ9cD/w8PVh93nsPXa1VrQ6jlwL5oN8l14QlcNfg=
github.com/modern-go/reflect2 v1.0.2 h1:xBagoLtFs94CBntxluKeaWgTMpvLxC4ur3nMaC9Gz0M=
github.com/pingcap/errors v0.11.4 h1:lFuQV/oaUMGcD2tqt+01ROSmJs75VG1ToEOkZIZ4nE4=
github.com/pkg/errors v0.9.1 h1:FEBLx1zS214owpjy7qsBeixbURkuhQAwrK5UwLGTwt4=
github.com/pmezard/go-difflib v1.0.0 h1:4DBwDE0NGyQoBHbLQYPwSUPoCMWR5BEzIk/f1lZbAQM=
github.com/rogpeppe/go-internal v1.8.1 h1:geMPLpDpQOgVyCg5z5GoRwLHepNdb71NXb67XFkP+Eg=
github.com/rs/zerolog v1.26.1 h1:/ihwxqH+4z8UxyI70wM1z9yCvkWcfz/a3mj48k/Zngc=
github.com/stretchr/testify v1.7.1 h1:5TQK59W5E3v0r2duFAb7P95B6hEeOyEnHRa8MjYSMTY=
github.com/valyala/bytebufferpool v1.0.0 h1:GqA5TC/0021Y/b9FG4Oi9Mr3q7XYx6KllzawFIhcdPw=
github.com/xmlking/toolkit v0.2.6 h1:kvy4ktpbdMbH9EX1UvPF4snhrNHzYgr7BcCVLqLefHI=
go.uber.org/atomic v1.9.0 h1:ECmE8Bn/WFTYwEW/bpKD3M8VtR/zQVbavAoalC1PYyE=
go.uber.org/goleak v1.1.11 h1:wy28qYRKZgnJTxGxvye5/wgWr1EKjmUDGYox5mGlRlI=
go.uber.org/multierr v1.7.0 h1:zaiO/rmgFjbmCXdSYJWQcdvOCsthmdaHfr3Gm2Kx4Ec=
go.uber.org/zap v1.20.0 h1:N4oPlghZwYG55MlU6LXk/Zp00FVNE9X9wrYO8CEs4lc=
golang.org/x/sync v0.0.0-20210220032951-036812b2e83c h1:5KslGYwFpkhGh+Q16bwMP3cOontH8FOep7tGV86Y7SQ=
golang.org/x/sys v0.0.0-20220310020820-b874c991c1a5 h1:y/woIyUBFbpQGKS0u1aHF/40WUDnek3fPOyD08H5Vng=
golang.org/x/time v0.0.0-20211116232009-f0f3c7e86c11 h1:GZokNIeuVkl3aZHJchRrr13WCsols02MLUcz1U9is6M=
golang.org/x/xerrors v0.0.0-20200804184101-5ec99f83aff1 h1:go1bK/D/BFZV2I8cIQd1NKEZ+0owSTG1fDTci4IqFcE=
gopkg.in/yaml.v2 v2.4.0 h1:D8xgwECY7CYvx+Y2n4sBz93Jn9JRvxdiyyo8CTfuKaY=
gopkg.in/yaml.v3 v3.0.0-20210107192922-496545a6307b h1:h8qDotaEPuJATrMmW04NCwg7v22aHH28wwpauUhK9Oo=
